
Microsoft Visual Studio Solution File, Format Version 12.00
# Visual Studio Version 17
VisualStudioVersion = 17.8.34525.116
MinimumVisualStudioVersion = 10.0.40219.1
Project("{FAE04EC0-301F-11D3-BF4B-00C04F79EFBC}") = "areaCal", "areaCal\areaCal.csproj", "{D60DF8A0-57DA-4583-97A1-B50F9DD5E47D}"
EndProject
Global
	GlobalSection(SolutionConfigurationPlatforms) = preSolution
		Debug|Any CPU = Debug|Any CPU
		Release|Any CPU = Release|Any CPU
	EndGlobalSection
	GlobalSection(ProjectConfigurationPlatforms) = postSolution
		{D60DF8A0-57DA-4583-97A1-B50F9DD5E47D}.Debug|Any CPU.ActiveCfg = Debug|Any CPU
		{D60DF8A0-57DA-4583-97A1-B50F9DD5E47D}.Debug|Any CPU.Build.0 = Debug|Any CPU
		{D60DF8A0-57DA-4583-97A1-B50F9DD5E47D}.Release|Any CPU.ActiveCfg = Release|Any CPU
		{D60DF8A0-57DA-4583-97A1-B50F9DD5E47D}.Release|Any CPU.Build.0 = Release|Any CPU
	EndGlobalSection
	GlobalSection(SolutionProperties) = preSolution
		HideSolutionNode = FALSE
	EndGlobalSection
	GlobalSection(ExtensibilityGlobals) = postSolution
		SolutionGuid = {D3EEFA37-0CC9-4D7C-A995-A6A562C5BEF3}
	EndGlobalSection
EndGlobal
